
Microsoft Visual Studio Solution File, Format Version 12.00
# Visual Studio Version 16
VisualStudioVersion = 25.0.1700.0
MinimumVisualStudioVersion = 10.0.40219.1
Project("{FAE04EC0-301F-11D3-BF4B-00C04F79EFBC}") = "5_HataYonetimi", "5_HataYonetimi\5_HataYonetimi.csproj", "{01A6CECD-1467-43A2-B02B-128194560B81}"
EndProject
Global
	GlobalSection(SolutionConfigurationPlatforms) = preSolution
		Debug|Any CPU = Debug|Any CPU
		Release|Any CPU = Release|Any CPU
	EndGlobalSection
	GlobalSection(ProjectConfigurationPlatforms) = postSolution
		{01A6CECD-1467-43A2-B02B-128194560B81}.Debug|Any CPU.ActiveCfg = Debug|Any CPU
		{01A6CECD-1467-43A2-B02B-128194560B81}.Debug|Any CPU.Build.0 = Debug|Any CPU
		{01A6CECD-1467-43A2-B02B-128194560B81}.Release|Any CPU.ActiveCfg = Release|Any CPU
		{01A6CECD-1467-43A2-B02B-128194560B81}.Release|Any CPU.Build.0 = Release|Any CPU
	EndGlobalSection
	GlobalSection(SolutionProperties) = preSolution
		HideSolutionNode = FALSE
	EndGlobalSection
	GlobalSection(ExtensibilityGlobals) = postSolution
		SolutionGuid = {2C7B5BC6-26F9-495C-890A-9ADA1BA4DA5E}
	EndGlobalSection
EndGlobal
