
Microsoft Visual Studio Solution File, Format Version 12.00
# Visual Studio Version 16
VisualStudioVersion = 25.0.1700.0
MinimumVisualStudioVersion = 10.0.40219.1
Project("{FAE04EC0-301F-11D3-BF4B-00C04F79EFBC}") = "6_iflelse", "6_iflelse\6_iflelse.csproj", "{2FAFD62D-7AB1-4FB9-91AA-243B7CB73AE0}"
EndProject
Global
	GlobalSection(SolutionConfigurationPlatforms) = preSolution
		Debug|Any CPU = Debug|Any CPU
		Release|Any CPU = Release|Any CPU
	EndGlobalSection
	GlobalSection(ProjectConfigurationPlatforms) = postSolution
		{2FAFD62D-7AB1-4FB9-91AA-243B7CB73AE0}.Debug|Any CPU.ActiveCfg = Debug|Any CPU
		{2FAFD62D-7AB1-4FB9-91AA-243B7CB73AE0}.Debug|Any CPU.Build.0 = Debug|Any CPU
		{2FAFD62D-7AB1-4FB9-91AA-243B7CB73AE0}.Release|Any CPU.ActiveCfg = Release|Any CPU
		{2FAFD62D-7AB1-4FB9-91AA-243B7CB73AE0}.Release|Any CPU.Build.0 = Release|Any CPU
	EndGlobalSection
	GlobalSection(SolutionProperties) = preSolution
		HideSolutionNode = FALSE
	EndGlobalSection
	GlobalSection(ExtensibilityGlobals) = postSolution
		SolutionGuid = {6CF4EDFE-9571-430F-A363-6BDC5CB876EC}
	EndGlobalSection
EndGlobal
