
Microsoft Visual Studio Solution File, Format Version 12.00
# Visual Studio Version 16
VisualStudioVersion = 25.0.1700.0
MinimumVisualStudioVersion = 10.0.40219.1
Project("{FAE04EC0-301F-11D3-BF4B-00C04F79EFBC}") = "2_Degiskenler", "2_Degiskenler\2_Degiskenler.csproj", "{EAC8779E-1057-41F0-B004-F62F672C201F}"
EndProject
Global
	GlobalSection(SolutionConfigurationPlatforms) = preSolution
		Debug|Any CPU = Debug|Any CPU
		Release|Any CPU = Release|Any CPU
	EndGlobalSection
	GlobalSection(ProjectConfigurationPlatforms) = postSolution
		{EAC8779E-1057-41F0-B004-F62F672C201F}.Debug|Any CPU.ActiveCfg = Debug|Any CPU
		{EAC8779E-1057-41F0-B004-F62F672C201F}.Debug|Any CPU.Build.0 = Debug|Any CPU
		{EAC8779E-1057-41F0-B004-F62F672C201F}.Release|Any CPU.ActiveCfg = Release|Any CPU
		{EAC8779E-1057-41F0-B004-F62F672C201F}.Release|Any CPU.Build.0 = Release|Any CPU
	EndGlobalSection
	GlobalSection(SolutionProperties) = preSolution
		HideSolutionNode = FALSE
	EndGlobalSection
	GlobalSection(ExtensibilityGlobals) = postSolution
		SolutionGuid = {39D36369-A2FD-4654-B9FB-3B2DE4A75101}
	EndGlobalSection
EndGlobal
