
Microsoft Visual Studio Solution File, Format Version 12.00
# Visual Studio Version 16
VisualStudioVersion = 25.0.1700.0
MinimumVisualStudioVersion = 10.0.40219.1
Project("{FAE04EC0-301F-11D3-BF4B-00C04F79EFBC}") = "11_dizimethod", "11_dizimethod\11_dizimethod.csproj", "{18DA15C1-3CD8-42DF-ADB5-CF1CC0176884}"
EndProject
Global
	GlobalSection(SolutionConfigurationPlatforms) = preSolution
		Debug|Any CPU = Debug|Any CPU
		Release|Any CPU = Release|Any CPU
	EndGlobalSection
	GlobalSection(ProjectConfigurationPlatforms) = postSolution
		{18DA15C1-3CD8-42DF-ADB5-CF1CC0176884}.Debug|Any CPU.ActiveCfg = Debug|Any CPU
		{18DA15C1-3CD8-42DF-ADB5-CF1CC0176884}.Debug|Any CPU.Build.0 = Debug|Any CPU
		{18DA15C1-3CD8-42DF-ADB5-CF1CC0176884}.Release|Any CPU.ActiveCfg = Release|Any CPU
		{18DA15C1-3CD8-42DF-ADB5-CF1CC0176884}.Release|Any CPU.Build.0 = Release|Any CPU
	EndGlobalSection
	GlobalSection(SolutionProperties) = preSolution
		HideSolutionNode = FALSE
	EndGlobalSection
	GlobalSection(ExtensibilityGlobals) = postSolution
		SolutionGuid = {A1820973-A364-40A3-B44F-1E2C6D826C41}
	EndGlobalSection
EndGlobal
