
Microsoft Visual Studio Solution File, Format Version 12.00
# Visual Studio Version 16
VisualStudioVersion = 25.0.1700.0
MinimumVisualStudioVersion = 10.0.40219.1
Project("{FAE04EC0-301F-11D3-BF4B-00C04F79EFBC}") = "10_Diziler", "10_Diziler\10_Diziler.csproj", "{7571B84C-0D6A-4BCD-A14D-B80D18B56B79}"
EndProject
Global
	GlobalSection(SolutionConfigurationPlatforms) = preSolution
		Debug|Any CPU = Debug|Any CPU
		Release|Any CPU = Release|Any CPU
	EndGlobalSection
	GlobalSection(ProjectConfigurationPlatforms) = postSolution
		{7571B84C-0D6A-4BCD-A14D-B80D18B56B79}.Debug|Any CPU.ActiveCfg = Debug|Any CPU
		{7571B84C-0D6A-4BCD-A14D-B80D18B56B79}.Debug|Any CPU.Build.0 = Debug|Any CPU
		{7571B84C-0D6A-4BCD-A14D-B80D18B56B79}.Release|Any CPU.ActiveCfg = Release|Any CPU
		{7571B84C-0D6A-4BCD-A14D-B80D18B56B79}.Release|Any CPU.Build.0 = Release|Any CPU
	EndGlobalSection
	GlobalSection(SolutionProperties) = preSolution
		HideSolutionNode = FALSE
	EndGlobalSection
	GlobalSection(ExtensibilityGlobals) = postSolution
		SolutionGuid = {FA0EF870-763F-41AE-AD24-3DB063C45AF8}
	EndGlobalSection
EndGlobal
